
Microsoft Visual Studio Solution File, Format Version 12.00
# Visual Studio Version 16
VisualStudioVersion = 16.0.30011.22
MinimumVisualStudioVersion = 10.0.40219.1
Project("{9A19103F-16F7-4668-BE54-9A1E7A4F7556}") = "Websites.Data", "Websites.Data\Websites.Data.csproj", "{658C4512-9C6D-4CE6-80E2-327EBAA97C2E}"
EndProject
Project("{9A19103F-16F7-4668-BE54-9A1E7A4F7556}") = "Websites.Data.Common", "Websites.Data.Common\Websites.Data.Common.csproj", "{54C11335-4AD5-4673-82FE-C7BE21F97571}"
EndProject
Project("{9A19103F-16F7-4668-BE54-9A1E7A4F7556}") = "Websites.Data.Models", "Websites.Data.Models\Websites.Data.Models.csproj", "{D2C17CDA-DACB-4D77-B01A-C1F247F1697B}"
EndProject
Project("{9A19103F-16F7-4668-BE54-9A1E7A4F7556}") = "Websites.Api", "Websites.Api\Websites.Api.csproj", "{129B30DA-A707-4CF2-9131-B741E766201E}"
EndProject
Project("{FAE04EC0-301F-11D3-BF4B-00C04F79EFBC}") = "Websites.Common", "Websites.Common\Websites.Common.csproj", "{087F322A-F360-4446-A70E-B74827BBCE02}"
EndProject
Project("{FAE04EC0-301F-11D3-BF4B-00C04F79EFBC}") = "Websites.Api.Tests", "Websites.Api.Tests\Websites.Api.Tests.csproj", "{F1A42766-414E-465E-AF4B-A8BC278DC068}"
EndProject
Global
	GlobalSection(SolutionConfigurationPlatforms) = preSolution
		Debug|Any CPU = Debug|Any CPU
		Release|Any CPU = Release|Any CPU
	EndGlobalSection
	GlobalSection(ProjectConfigurationPlatforms) = postSolution
		{658C4512-9C6D-4CE6-80E2-327EBAA97C2E}.Debug|Any CPU.ActiveCfg = Debug|Any CPU
		{658C4512-9C6D-4CE6-80E2-327EBAA97C2E}.Debug|Any CPU.Build.0 = Debug|Any CPU
		{658C4512-9C6D-4CE6-80E2-327EBAA97C2E}.Release|Any CPU.ActiveCfg = Release|Any CPU
		{658C4512-9C6D-4CE6-80E2-327EBAA97C2E}.Release|Any CPU.Build.0 = Release|Any CPU
		{54C11335-4AD5-4673-82FE-C7BE21F97571}.Debug|Any CPU.ActiveCfg = Debug|Any CPU
		{54C11335-4AD5-4673-82FE-C7BE21F97571}.Debug|Any CPU.Build.0 = Debug|Any CPU
		{54C11335-4AD5-4673-82FE-C7BE21F97571}.Release|Any CPU.ActiveCfg = Release|Any CPU
		{54C11335-4AD5-4673-82FE-C7BE21F97571}.Release|Any CPU.Build.0 = Release|Any CPU
		{D2C17CDA-DACB-4D77-B01A-C1F247F1697B}.Debug|Any CPU.ActiveCfg = Debug|Any CPU
		{D2C17CDA-DACB-4D77-B01A-C1F247F1697B}.Debug|Any CPU.Build.0 = Debug|Any CPU
		{D2C17CDA-DACB-4D77-B01A-C1F247F1697B}.Release|Any CPU.ActiveCfg = Release|Any CPU
		{D2C17CDA-DACB-4D77-B01A-C1F247F1697B}.Release|Any CPU.Build.0 = Release|Any CPU
		{129B30DA-A707-4CF2-9131-B741E766201E}.Debug|Any CPU.ActiveCfg = Debug|Any CPU
		{129B30DA-A707-4CF2-9131-B741E766201E}.Debug|Any CPU.Build.0 = Debug|Any CPU
		{129B30DA-A707-4CF2-9131-B741E766201E}.Release|Any CPU.ActiveCfg = Release|Any CPU
		{129B30DA-A707-4CF2-9131-B741E766201E}.Release|Any CPU.Build.0 = Release|Any CPU
		{087F322A-F360-4446-A70E-B74827BBCE02}.Debug|Any CPU.ActiveCfg = Debug|Any CPU
		{087F322A-F360-4446-A70E-B74827BBCE02}.Debug|Any CPU.Build.0 = Debug|Any CPU
		{087F322A-F360-4446-A70E-B74827BBCE02}.Release|Any CPU.ActiveCfg = Release|Any CPU
		{087F322A-F360-4446-A70E-B74827BBCE02}.Release|Any CPU.Build.0 = Release|Any CPU
		{F1A42766-414E-465E-AF4B-A8BC278DC068}.Debug|Any CPU.ActiveCfg = Debug|Any CPU
		{F1A42766-414E-465E-AF4B-A8BC278DC068}.Debug|Any CPU.Build.0 = Debug|Any CPU
		{F1A42766-414E-465E-AF4B-A8BC278DC068}.Release|Any CPU.ActiveCfg = Release|Any CPU
		{F1A42766-414E-465E-AF4B-A8BC278DC068}.Release|Any CPU.Build.0 = Release|Any CPU
	EndGlobalSection
	GlobalSection(SolutionProperties) = preSolution
		HideSolutionNode = FALSE
	EndGlobalSection
	GlobalSection(ExtensibilityGlobals) = postSolution
		SolutionGuid = {11B83D5D-7DBF-47A5-B8E6-D9E769AC9F7D}
	EndGlobalSection
EndGlobal
